{
  "version": "2",
  "remote": {
    "https://deno.land/std@0.177.0/_util/asserts.ts": "178dfc49a464aee693a7e285567b3d0b555dc805ff490505a8aae34f9cfb1462",
    "https://deno.land/std@0.177.0/_util/os.ts": "d932f56d41e4f6a6093d56044e29ce637f8dcc43c5a90af43504a889cf1775e3",
    "https://deno.land/std@0.177.0/bytes/index_of_needle.ts": "65c939607df609374c4415598fa4dad04a2f14c4d98cd15775216f0aaf597f24",
    "https://deno.land/std@0.177.0/encoding/base64.ts": "7de04c2f8aeeb41453b09b186480be90f2ff357613b988e99fabb91d2eeceba1",
    "https://deno.land/std@0.177.0/encoding/base64url.ts": "3f1178f6446834457b16bfde8b559c1cd3481727fe384d3385e4a9995dc2d851",
    "https://deno.land/std@0.177.0/node/_core.ts": "9a58c0ef98ee77e9b8fcc405511d1b37a003a705eb6a9b6e95f75434d8009adc",
    "https://deno.land/std@0.177.0/node/_utils.ts": "7fd55872a0cf9275e3c080a60e2fa6d45b8de9e956ebcde9053e72a344185884",
    "https://deno.land/std@0.177.0/node/buffer.ts": "85617be2063eccaf177dbb84c7580d1e32023724ed14bd9df4e453b152a26167",
    "https://deno.land/std@0.177.0/node/internal/buffer.mjs": "e92303a3cc6d9aaabcd270a937ad9319825d9ba08cb332650944df4562029b27",
    "https://deno.land/std@0.177.0/node/internal/crypto/_keys.ts": "8f3c3b5a141aa0331a53c205e9338655f1b3b307a08085fd6ff6dda6f7c4190b",
    "https://deno.land/std@0.177.0/node/internal/crypto/constants.ts": "544d605703053218499b08214f2e25cf4310651d535b7ab995891c4b7a217693",
    "https://deno.land/std@0.177.0/node/internal/error_codes.ts": "8495e33f448a484518d76fa3d41d34fc20fe03c14b30130ad8e936b0035d4b8b",
    "https://deno.land/std@0.177.0/node/internal/errors.ts": "1c699b8a3cb93174f697a348c004b1c6d576b66688eac8a48ebb78e65c720aae",
    "https://deno.land/std@0.177.0/node/internal/hide_stack_frames.ts": "9dd1bad0a6e62a1042ce3a51eb1b1ecee2f246907bff44835f86e8f021de679a",
    "https://deno.land/std@0.177.0/node/internal/normalize_encoding.mjs": "fd1d9df61c44d7196432f6e8244621468715131d18cc79cd299fc78ac549f707",
    "https://deno.land/std@0.177.0/node/internal/primordials.mjs": "a72d86b5aa55d3d50b8e916b6a59b7cc0dc5a31da8937114b4a113ad5aa08c74",
    "https://deno.land/std@0.177.0/node/internal/util.mjs": "f7fe2e1ca5e66f550ad0856b9f5ee4d666f0c071fe212ea7fc7f37cfa81f97a5",
    "https://deno.land/std@0.177.0/node/internal/util/inspect.mjs": "11d7c9cab514b8e485acc3978c74b837263ff9c08ae4537fa18ad56bae633259",
    "https://deno.land/std@0.177.0/node/internal/util/types.ts": "0e587b44ec5e017cf228589fc5ce9983b75beece6c39409c34170cfad49d6417",
    "https://deno.land/std@0.177.0/node/internal/validators.mjs": "e02f2b02dd072a5d623970292588d541204dc82207b4c58985d933a5f4b382e6",
    "https://deno.land/std@0.177.0/node/internal_binding/_libuv_winerror.ts": "30c9569603d4b97a1f1a034d88a3f74800d5ea1f12fcc3d225c9899d4e1a518b",
    "https://deno.land/std@0.177.0/node/internal_binding/_node.ts": "cb2389b0eab121df99853eb6a5e3a684e4537e065fb8bf2cca0cbf219ce4e32e",
    "https://deno.land/std@0.177.0/node/internal_binding/_utils.ts": "7c58a2fbb031a204dee9583ba211cf9c67922112fe77e7f0b3226112469e9fe1",
    "https://deno.land/std@0.177.0/node/internal_binding/_winerror.ts": "3e8cfdfe22e89f13d2b28529bab35155e6b1730c0221ec5a6fc7077dc037be13",
    "https://deno.land/std@0.177.0/node/internal_binding/buffer.ts": "31729e0537921d6c730ad0afea44a7e8a0a1044d070ade8368226cb6f7390c8b",
    "https://deno.land/std@0.177.0/node/internal_binding/constants.ts": "21ff9d1ee71d0a2086541083a7711842fc6ae25e264dbf45c73815aadce06f4c",
    "https://deno.land/std@0.177.0/node/internal_binding/string_decoder.ts": "54c3c1cbd5a9254881be58bf22637965dc69535483014dab60487e299cb95445",
    "https://deno.land/std@0.177.0/node/internal_binding/types.ts": "2187595a58d2cf0134f4db6cc2a12bf777f452f52b15b6c3aed73fa072aa5fc3",
    "https://deno.land/std@0.177.0/node/internal_binding/util.ts": "808ff3b92740284184ab824adfc420e75398c88c8bccf5111f0c24ac18c48f10",
    "https://deno.land/std@0.177.0/node/internal_binding/uv.ts": "eb0048e30af4db407fb3f95563e30d70efd6187051c033713b0a5b768593a3a3",
    "https://deno.land/std@0.201.0/encoding/hex.ts": "7894f92cd271a3df42012798310fe011ae8780d551b6538189937d1712094f14"
  },
  "npm": {
    "specifiers": {
      "@datadog/native-metrics@2.0.0": "@datadog/native-metrics@2.0.0",
      "@datadog/sketches-js@2.1.0": "@datadog/sketches-js@2.1.0",
      "@opentelemetry/api@1.4.1": "@opentelemetry/api@1.4.1",
      "@opentelemetry/core@1.15.2": "@opentelemetry/core@1.15.2_@opentelemetry+api@1.4.1",
      "dd-trace@4.13.1": "dd-trace@4.13.1_@opentelemetry+api@1.4.1",
      "import-in-the-middle@1.4.2": "import-in-the-middle@1.4.2_acorn@8.10.0",
      "int64-buffer@0.1.10": "int64-buffer@0.1.10",
      "ipaddr.js@2.1.0": "ipaddr.js@2.1.0",
      "koalas@1.0.2": "koalas@1.0.2",
      "limiter@1.1.5": "limiter@1.1.5",
      "lodash@4.17.21": "lodash@4.17.21",
      "lru-cache@7.14.0": "lru-cache@7.14.0",
      "module-details-from-path@1.0.3": "module-details-from-path@1.0.3",
      "msgpack-lite@0.1.26": "msgpack-lite@0.1.26",
      "retry@0.13.1": "retry@0.13.1",
      "semver@7.5.4": "semver@7.5.4"
    },
    "packages": {
      "@datadog/native-appsec@3.2.0": {
        "integrity": "sha512-biAa7EFfuavjSWgSQaCit9CqGzr6Af5nhzfNNGJ38Y/Y387hDvLivAR374kK1z6XoxGZEOa+XPbVogmV/2Bcjw==",
        "dependencies": {
          "node-gyp-build": "node-gyp-build@3.9.0"
        }
      },
      "@datadog/native-iast-rewriter@2.0.1": {
        "integrity": "sha512-Mm+FG3XxEbPrAfJQPOMHts7iZZXRvg9gnGeeFRGkyirmRcQcOpZO4wFe/8K61DUVa5pXpgAJQ2ZkBGYF1O9STg==",
        "dependencies": {
          "node-gyp-build": "node-gyp-build@4.6.1"
        }
      },
      "@datadog/native-iast-taint-tracking@1.5.0": {
        "integrity": "sha512-SOWIk1M6PZH0osNB191Voz2rKBPoF5hISWVSK9GiJPrD40+xjib1Z/bFDV7EkDn3kjOyordSBdNPG5zOqZJdyg==",
        "dependencies": {
          "node-gyp-build": "node-gyp-build@3.9.0"
        }
      },
      "@datadog/native-metrics@2.0.0": {
        "integrity": "sha512-YklGVwUtmKGYqFf1MNZuOHvTYdKuR4+Af1XkWcMD8BwOAjxmd9Z+97328rCOY8TFUJzlGUPaXzB8j2qgG/BMwA==",
        "dependencies": {
          "node-addon-api": "node-addon-api@6.1.0",
          "node-gyp-build": "node-gyp-build@3.9.0"
        }
      },
      "@datadog/pprof@3.2.0": {
        "integrity": "sha512-kOhWHCWB80djnMCr5KNKBAy1Ih/jK/PIj6yqnZwL1Wqni/h6IBPRUMhtIxcYJMRgsZVYrFXUV20AVXTZCzFokw==",
        "dependencies": {
          "delay": "delay@5.0.0",
          "node-gyp-build": "node-gyp-build@3.9.0",
          "p-limit": "p-limit@3.1.0",
          "pprof-format": "pprof-format@2.0.7",
          "source-map": "source-map@0.7.4"
        }
      },
      "@datadog/sketches-js@2.1.0": {
        "integrity": "sha512-smLocSfrt3s53H/XSVP3/1kP42oqvrkjUPtyaFd1F79ux24oE31BKt+q0c6lsa6hOYrFzsIwyc5GXAI5JmfOew==",
        "dependencies": {}
      },
      "@opentelemetry/api@1.4.1": {
        "integrity": "sha512-O2yRJce1GOc6PAy3QxFM4NzFiWzvScDC1/5ihYBL6BUEVdq0XMWN01sppE+H6bBXbaFYipjwFLEWLg5PaSOThA==",
        "dependencies": {}
      },
      "@opentelemetry/core@1.15.2_@opentelemetry+api@1.4.1": {
        "integrity": "sha512-+gBv15ta96WqkHZaPpcDHiaz0utiiHZVfm2YOYSqFGrUaJpPkMoSuLBB58YFQGi6Rsb9EHos84X6X5+9JspmLw==",
        "dependencies": {
          "@opentelemetry/api": "@opentelemetry/api@1.4.1",
          "@opentelemetry/semantic-conventions": "@opentelemetry/semantic-conventions@1.15.2"
        }
      },
      "@opentelemetry/semantic-conventions@1.15.2": {
        "integrity": "sha512-CjbOKwk2s+3xPIMcd5UNYQzsf+v94RczbdNix9/kQh38WiQkM90sUOi3if8eyHFgiBjBjhwXrA7W3ydiSQP9mw==",
        "dependencies": {}
      },
      "@protobufjs/aspromise@1.1.2": {
        "integrity": "sha512-j+gKExEuLmKwvz3OgROXtrJ2UG2x8Ch2YZUxahh+s1F2HZ+wAceUNLkvy6zKCPVRkU++ZWQrdxsUeQXmcg4uoQ==",
        "dependencies": {}
      },
      "@protobufjs/base64@1.1.2": {
        "integrity": "sha512-AZkcAA5vnN/v4PDqKyMR5lx7hZttPDgClv83E//FMNhR2TMcLUhfRUBHCmSl0oi9zMgDDqRUJkSxO3wm85+XLg==",
        "dependencies": {}
      },
      "@protobufjs/codegen@2.0.4": {
        "integrity": "sha512-YyFaikqM5sH0ziFZCN3xDC7zeGaB/d0IUb9CATugHWbd1FRFwWwt4ld4OYMPWu5a3Xe01mGAULCdqhMlPl29Jg==",
        "dependencies": {}
      },
      "@protobufjs/eventemitter@1.1.0": {
        "integrity": "sha512-j9ednRT81vYJ9OfVuXG6ERSTdEL1xVsNgqpkxMsbIabzSo3goCjDIveeGv5d03om39ML71RdmrGNjG5SReBP/Q==",
        "dependencies": {}
      },
      "@protobufjs/fetch@1.1.0": {
        "integrity": "sha512-lljVXpqXebpsijW71PZaCYeIcE5on1w5DlQy5WH6GLbFryLUrBD4932W/E2BSpfRJWseIL4v/KPgBFxDOIdKpQ==",
        "dependencies": {
          "@protobufjs/aspromise": "@protobufjs/aspromise@1.1.2",
          "@protobufjs/inquire": "@protobufjs/inquire@1.1.0"
        }
      },
      "@protobufjs/float@1.0.2": {
        "integrity": "sha512-Ddb+kVXlXst9d+R9PfTIxh1EdNkgoRe5tOX6t01f1lYWOvJnSPDBlG241QLzcyPdoNTsblLUdujGSE4RzrTZGQ==",
        "dependencies": {}
      },
      "@protobufjs/inquire@1.1.0": {
        "integrity": "sha512-kdSefcPdruJiFMVSbn801t4vFK7KB/5gd2fYvrxhuJYg8ILrmn9SKSX2tZdV6V+ksulWqS7aXjBcRXl3wHoD9Q==",
        "dependencies": {}
      },
      "@protobufjs/path@1.1.2": {
        "integrity": "sha512-6JOcJ5Tm08dOHAbdR3GrvP+yUUfkjG5ePsHYczMFLq3ZmMkAD98cDgcT2iA1lJ9NVwFd4tH/iSSoe44YWkltEA==",
        "dependencies": {}
      },
      "@protobufjs/pool@1.1.0": {
        "integrity": "sha512-0kELaGSIDBKvcgS4zkjz1PeddatrjYcmMWOlAuAPwAeccUrPHdUqo/J6LiymHHEiJT5NrF1UVwxY14f+fy4WQw==",
        "dependencies": {}
      },
      "@protobufjs/utf8@1.1.0": {
        "integrity": "sha512-Vvn3zZrhQZkkBE8LSuW3em98c0FwgO4nxzv6OdSxPKJIEKY2bGbHn+mhGIPerzI4twdxaP8/0+06HBpwf345Lw==",
        "dependencies": {}
      },
      "@types/node@20.5.7": {
        "integrity": "sha512-dP7f3LdZIysZnmvP3ANJYTSwg+wLLl8p7RqniVlV7j+oXSXAbt9h0WIBFmJy5inWZoX9wZN6eXx+YXd9Rh3RBA==",
        "dependencies": {}
      },
      "acorn-import-assertions@1.9.0_acorn@8.10.0": {
        "integrity": "sha512-cmMwop9x+8KFhxvKrKfPYmN6/pKTYYHBqLa0DfvVZcKMJWNyWLnaqND7dx/qn66R7ewM1UX5XMaDVP5wlVTaVA==",
        "dependencies": {
          "acorn": "acorn@8.10.0"
        }
      },
      "acorn@8.10.0": {
        "integrity": "sha512-F0SAmZ8iUtS//m8DmCTA0jlh6TDKkHQyK6xc6V4KDTyZKA9dnvX9/3sRTVQrWm79glUAZbnmmNcdYwUIHWVybw==",
        "dependencies": {}
      },
      "cjs-module-lexer@1.2.3": {
        "integrity": "sha512-0TNiGstbQmCFwt4akjjBg5pLRTSyj/PkWQ1ZoO2zntmg9yLqSRxwEa4iCfQLGjqhiqBfOJa7W/E8wfGrTDmlZQ==",
        "dependencies": {}
      },
      "crypto-randomuuid@1.0.0": {
        "integrity": "sha512-/RC5F4l1SCqD/jazwUF6+t34Cd8zTSAGZ7rvvZu1whZUhD2a5MOGKjSGowoGcpj/cbVZk1ZODIooJEQQq3nNAA==",
        "dependencies": {}
      },
      "dd-trace@4.13.1_@opentelemetry+api@1.4.1": {
        "integrity": "sha512-2MGnMhA4bDnkv0B89rrv59ur1YAPL7CXzQ3tuvJqu8p/PlWXi2e11DXfNkEWXGB3JJXJxvqNsezmOleu48UEkg==",
        "dependencies": {
          "@datadog/native-appsec": "@datadog/native-appsec@3.2.0",
          "@datadog/native-iast-rewriter": "@datadog/native-iast-rewriter@2.0.1",
          "@datadog/native-iast-taint-tracking": "@datadog/native-iast-taint-tracking@1.5.0",
          "@datadog/native-metrics": "@datadog/native-metrics@2.0.0",
          "@datadog/pprof": "@datadog/pprof@3.2.0",
          "@datadog/sketches-js": "@datadog/sketches-js@2.1.0",
          "@opentelemetry/api": "@opentelemetry/api@1.4.1",
          "@opentelemetry/core": "@opentelemetry/core@1.15.2_@opentelemetry+api@1.4.1",
          "crypto-randomuuid": "crypto-randomuuid@1.0.0",
          "diagnostics_channel": "diagnostics_channel@1.1.0",
          "ignore": "ignore@5.2.4",
          "import-in-the-middle": "import-in-the-middle@1.4.2_acorn@8.10.0",
          "int64-buffer": "int64-buffer@0.1.10",
          "ipaddr.js": "ipaddr.js@2.1.0",
          "istanbul-lib-coverage": "istanbul-lib-coverage@3.2.0",
          "koalas": "koalas@1.0.2",
          "limiter": "limiter@1.1.5",
          "lodash.kebabcase": "lodash.kebabcase@4.1.1",
          "lodash.pick": "lodash.pick@4.4.0",
          "lodash.sortby": "lodash.sortby@4.7.0",
          "lodash.uniq": "lodash.uniq@4.5.0",
          "lru-cache": "lru-cache@7.14.0",
          "methods": "methods@1.1.2",
          "module-details-from-path": "module-details-from-path@1.0.3",
          "msgpack-lite": "msgpack-lite@0.1.26",
          "node-abort-controller": "node-abort-controller@3.1.1",
          "opentracing": "opentracing@0.14.7",
          "path-to-regexp": "path-to-regexp@0.1.7",
          "protobufjs": "protobufjs@7.2.5",
          "retry": "retry@0.13.1",
          "semver": "semver@7.5.4"
        }
      },
      "delay@5.0.0": {
        "integrity": "sha512-ReEBKkIfe4ya47wlPYf/gu5ib6yUG0/Aez0JQZQz94kiWtRQvZIQbTiehsnwHvLSWJnQdhVeqYue7Id1dKr0qw==",
        "dependencies": {}
      },
      "diagnostics_channel@1.1.0": {
        "integrity": "sha512-OE1ngLDjSBPG6Tx0YATELzYzy3RKHC+7veQ8gLa8yS7AAgw65mFbVdcsu3501abqOZCEZqZyAIemB0zXlqDSuw==",
        "dependencies": {}
      },
      "event-lite@0.1.3": {
        "integrity": "sha512-8qz9nOz5VeD2z96elrEKD2U433+L3DWdUdDkOINLGOJvx1GsMBbMn0aCeu28y8/e85A6mCigBiFlYMnTBEGlSw==",
        "dependencies": {}
      },
      "ieee754@1.2.1": {
        "integrity": "sha512-dcyqhDvX1C46lXZcVqCpK+FtMRQVdIMN6/Df5js2zouUsqG7I6sFxitIC+7KYK29KdXOLHdu9zL4sFnoVQnqaA==",
        "dependencies": {}
      },
      "ignore@5.2.4": {
        "integrity": "sha512-MAb38BcSbH0eHNBxn7ql2NH/kX33OkB3lZ1BNdh7ENeRChHTYsTvWrMubiIAMNS2llXEEgZ1MUOBtXChP3kaFQ==",
        "dependencies": {}
      },
      "import-in-the-middle@1.4.2_acorn@8.10.0": {
        "integrity": "sha512-9WOz1Yh/cvO/p69sxRmhyQwrIGGSp7EIdcb+fFNVi7CzQGQB8U1/1XrKVSbEd/GNOAeM0peJtmi7+qphe7NvAw==",
        "dependencies": {
          "acorn": "acorn@8.10.0",
          "acorn-import-assertions": "acorn-import-assertions@1.9.0_acorn@8.10.0",
          "cjs-module-lexer": "cjs-module-lexer@1.2.3",
          "module-details-from-path": "module-details-from-path@1.0.3"
        }
      },
      "int64-buffer@0.1.10": {
        "integrity": "sha512-v7cSY1J8ydZ0GyjUHqF+1bshJ6cnEVLo9EnjB8p+4HDRPZc9N5jjmvUV7NvEsqQOKyH0pmIBFWXVQbiS0+OBbA==",
        "dependencies": {}
      },
      "ipaddr.js@2.1.0": {
        "integrity": "sha512-LlbxQ7xKzfBusov6UMi4MFpEg0m+mAm9xyNGEduwXMEDuf4WfzB/RZwMVYEd7IKGvh4IUkEXYxtAVu9T3OelJQ==",
        "dependencies": {}
      },
      "isarray@1.0.0": {
        "integrity": "sha512-VLghIWNM6ELQzo7zwmcg0NmTVyWKYjvIeM83yjp0wRDTmUnrM678fQbcKBo6n2CJEF0szoG//ytg+TKla89ALQ==",
        "dependencies": {}
      },
      "istanbul-lib-coverage@3.2.0": {
        "integrity": "sha512-eOeJ5BHCmHYvQK7xt9GkdHuzuCGS1Y6g9Gvnx3Ym33fz/HpLRYxiS0wHNr+m/MBC8B647Xt608vCDEvhl9c6Mw==",
        "dependencies": {}
      },
      "koalas@1.0.2": {
        "integrity": "sha512-RYhBbYaTTTHId3l6fnMZc3eGQNW6FVCqMG6AMwA5I1Mafr6AflaXeoi6x3xQuATRotGYRLk6+1ELZH4dstFNOA==",
        "dependencies": {}
      },
      "limiter@1.1.5": {
        "integrity": "sha512-FWWMIEOxz3GwUI4Ts/IvgVy6LPvoMPgjMdQ185nN6psJyBJ4yOpzqm695/h5umdLJg2vW3GR5iG11MAkR2AzJA==",
        "dependencies": {}
      },
      "lodash.kebabcase@4.1.1": {
        "integrity": "sha512-N8XRTIMMqqDgSy4VLKPnJ/+hpGZN+PHQiJnSenYqPaVV/NCqEogTnAdZLQiGKhxX+JCs8waWq2t1XHWKOmlY8g==",
        "dependencies": {}
      },
      "lodash.pick@4.4.0": {
        "integrity": "sha512-hXt6Ul/5yWjfklSGvLQl8vM//l3FtyHZeuelpzK6mm99pNvN9yTDruNZPEJZD1oWrqo+izBmB7oUfWgcCX7s4Q==",
        "dependencies": {}
      },
      "lodash.sortby@4.7.0": {
        "integrity": "sha512-HDWXG8isMntAyRF5vZ7xKuEvOhT4AhlRt/3czTSjvGUxjYCBVRQY48ViDHyfYz9VIoBkW4TMGQNapx+l3RUwdA==",
        "dependencies": {}
      },
      "lodash.uniq@4.5.0": {
        "integrity": "sha512-xfBaXQd9ryd9dlSDvnvI0lvxfLJlYAZzXomUYzLKtUeOQvOP5piqAWuGtrhWeqaXK9hhoM/iyJc5AV+XfsX3HQ==",
        "dependencies": {}
      },
      "lodash@4.17.21": {
        "integrity": "sha512-v2kDEe57lecTulaDIuNTPy3Ry4gLGJ6Z1O3vE1krgXZNrsQ+LFTGHVxVjcXPs17LhbZVGedAJv8XZ1tvj5FvSg==",
        "dependencies": {}
      },
      "long@5.2.3": {
        "integrity": "sha512-lcHwpNoggQTObv5apGNCTdJrO69eHOZMi4BNC+rTLER8iHAqGrUVeLh/irVIM7zTw2bOXA8T6uNPeujwOLg/2Q==",
        "dependencies": {}
      },
      "lru-cache@6.0.0": {
        "integrity": "sha512-Jo6dJ04CmSjuznwJSS3pUeWmd/H0ffTlkXXgwZi+eq1UCmqQwCh+eLsYOYCwY991i2Fah4h1BEMCx4qThGbsiA==",
        "dependencies": {
          "yallist": "yallist@4.0.0"
        }
      },
      "lru-cache@7.14.0": {
        "integrity": "sha512-EIRtP1GrSJny0dqb50QXRUNBxHJhcpxHC++M5tD7RYbvLLn5KVWKsbyswSSqDuU15UFi3bgTQIY8nhDMeF6aDQ==",
        "dependencies": {}
      },
      "methods@1.1.2": {
        "integrity": "sha512-iclAHeNqNm68zFtnZ0e+1L2yUIdvzNoauKU4WBA3VvH/vPFieF7qfRlwUZU+DA9P9bPXIS90ulxoUoCH23sV2w==",
        "dependencies": {}
      },
      "module-details-from-path@1.0.3": {
        "integrity": "sha512-ySViT69/76t8VhE1xXHK6Ch4NcDd26gx0MzKXLO+F7NOtnqH68d9zF94nT8ZWSxXh8ELOERsnJO/sWt1xZYw5A==",
        "dependencies": {}
      },
      "msgpack-lite@0.1.26": {
        "integrity": "sha512-SZ2IxeqZ1oRFGo0xFGbvBJWMp3yLIY9rlIJyxy8CGrwZn1f0ZK4r6jV/AM1r0FZMDUkWkglOk/eeKIL9g77Nxw==",
        "dependencies": {
          "event-lite": "event-lite@0.1.3",
          "ieee754": "ieee754@1.2.1",
          "int64-buffer": "int64-buffer@0.1.10",
          "isarray": "isarray@1.0.0"
        }
      },
      "node-abort-controller@3.1.1": {
        "integrity": "sha512-AGK2yQKIjRuqnc6VkX2Xj5d+QW8xZ87pa1UK6yA6ouUyuxfHuMP6umE5QK7UmTeOAymo+Zx1Fxiuw9rVx8taHQ==",
        "dependencies": {}
      },
      "node-addon-api@6.1.0": {
        "integrity": "sha512-+eawOlIgy680F0kBzPUNFhMZGtJ1YmqM6l4+Crf4IkImjYrO/mqPwRMh352g23uIaQKFItcQ64I7KMaJxHgAVA==",
        "dependencies": {}
      },
      "node-gyp-build@3.9.0": {
        "integrity": "sha512-zLcTg6P4AbcHPq465ZMFNXx7XpKKJh+7kkN699NiQWisR2uWYOWNWqRHAmbnmKiL4e9aLSlmy5U7rEMUXV59+A==",
        "dependencies": {}
      },
      "node-gyp-build@4.6.1": {
        "integrity": "sha512-24vnklJmyRS8ViBNI8KbtK/r/DmXQMRiOMXTNz2nrTnAYUwjmEEbnnpB/+kt+yWRv73bPsSPRFddrcIbAxSiMQ==",
        "dependencies": {}
      },
      "opentracing@0.14.7": {
        "integrity": "sha512-vz9iS7MJ5+Bp1URw8Khvdyw1H/hGvzHWlKQ7eRrQojSCDL1/SrWfrY9QebLw97n2deyRtzHRC3MkQfVNUCo91Q==",
        "dependencies": {}
      },
      "p-limit@3.1.0": {
        "integrity": "sha512-TYOanM3wGwNGsZN2cVTYPArw454xnXj5qmWF1bEoAc4+cU/ol7GVh7odevjp1FNHduHc3KZMcFduxU5Xc6uJRQ==",
        "dependencies": {
          "yocto-queue": "yocto-queue@0.1.0"
        }
      },
      "path-to-regexp@0.1.7": {
        "integrity": "sha512-5DFkuoqlv1uYQKxy8omFBeJPQcdoE07Kv2sferDCrAq1ohOU+MSDswDIbnx3YAM60qIOnYa53wBhXW0EbMonrQ==",
        "dependencies": {}
      },
      "pprof-format@2.0.7": {
        "integrity": "sha512-1qWaGAzwMpaXJP9opRa23nPnt2Egi7RMNoNBptEE/XwHbcn4fC2b/4U4bKc5arkGkIh2ZabpF2bEb+c5GNHEKA==",
        "dependencies": {}
      },
      "protobufjs@7.2.5": {
        "integrity": "sha512-gGXRSXvxQ7UiPgfw8gevrfRWcTlSbOFg+p/N+JVJEK5VhueL2miT6qTymqAmjr1Q5WbOCyJbyrk6JfWKwlFn6A==",
        "dependencies": {
          "@protobufjs/aspromise": "@protobufjs/aspromise@1.1.2",
          "@protobufjs/base64": "@protobufjs/base64@1.1.2",
          "@protobufjs/codegen": "@protobufjs/codegen@2.0.4",
          "@protobufjs/eventemitter": "@protobufjs/eventemitter@1.1.0",
          "@protobufjs/fetch": "@protobufjs/fetch@1.1.0",
          "@protobufjs/float": "@protobufjs/float@1.0.2",
          "@protobufjs/inquire": "@protobufjs/inquire@1.1.0",
          "@protobufjs/path": "@protobufjs/path@1.1.2",
          "@protobufjs/pool": "@protobufjs/pool@1.1.0",
          "@protobufjs/utf8": "@protobufjs/utf8@1.1.0",
          "@types/node": "@types/node@20.5.7",
          "long": "long@5.2.3"
        }
      },
      "retry@0.13.1": {
        "integrity": "sha512-XQBQ3I8W1Cge0Seh+6gjj03LbmRFWuoszgK9ooCpwYIrhhoO80pfq4cUkU5DkknwfOfFteRwlZ56PYOGYyFWdg==",
        "dependencies": {}
      },
      "semver@7.5.4": {
        "integrity": "sha512-1bCSESV6Pv+i21Hvpxp3Dx+pSD8lIPt8uVjRrxAUt/nbswYc+tK6Y2btiULjd4+fnq15PX+nqQDC7Oft7WkwcA==",
        "dependencies": {
          "lru-cache": "lru-cache@6.0.0"
        }
      },
      "source-map@0.7.4": {
        "integrity": "sha512-l3BikUxvPOcn5E74dZiq5BGsTb5yEwhaTSzccU6t4sDOH8NWJCstKO5QT2CvtFoK6F0saL7p9xHAqHOlCPJygA==",
        "dependencies": {}
      },
      "yallist@4.0.0": {
        "integrity": "sha512-3wdGidZyq5PB084XLES5TpOSRA3wjXAlIWMhum2kRcv/41Sn2emQ0dycQW4uZXLejwKvg6EsvbdlVL+FYEct7A==",
        "dependencies": {}
      },
      "yocto-queue@0.1.0": {
        "integrity": "sha512-rVksvsnNCdJ/ohGc6xgPwyN8eheCxsiLM8mxuE/t/mOVqJewPuO1miLpTHQiRgTKCLexL4MeAFVagts7HmNZ2Q==",
        "dependencies": {}
      }
    }
  }
}
